
Microsoft Visual Studio Solution File, Format Version 12.00
# Visual Studio Version 17
VisualStudioVersion = 17.9.34723.18
MinimumVisualStudioVersion = 10.0.40219.1
Project("{FAE04EC0-301F-11D3-BF4B-00C04F79EFBC}") = "AlgorithmChallenges", "AlgorithmChallenges.csproj", "{65187663-3F2C-493C-A54E-5AA2585D23CF}"
EndProject
Global
	GlobalSection(SolutionConfigurationPlatforms) = preSolution
		Debug|Any CPU = Debug|Any CPU
		Release|Any CPU = Release|Any CPU
	EndGlobalSection
	GlobalSection(ProjectConfigurationPlatforms) = postSolution
		{65187663-3F2C-493C-A54E-5AA2585D23CF}.Debug|Any CPU.ActiveCfg = Debug|Any CPU
		{65187663-3F2C-493C-A54E-5AA2585D23CF}.Debug|Any CPU.Build.0 = Debug|Any CPU
		{65187663-3F2C-493C-A54E-5AA2585D23CF}.Release|Any CPU.ActiveCfg = Release|Any CPU
		{65187663-3F2C-493C-A54E-5AA2585D23CF}.Release|Any CPU.Build.0 = Release|Any CPU
	EndGlobalSection
	GlobalSection(SolutionProperties) = preSolution
		HideSolutionNode = FALSE
	EndGlobalSection
	GlobalSection(ExtensibilityGlobals) = postSolution
		SolutionGuid = {1090AECC-D963-415F-BA61-A849BC65A2F5}
	EndGlobalSection
EndGlobal
